// !$*UTF8*$!
{
	archiveVersion = 1;
	classes = {
	};
	objectVersion = 46;
	objects = {

/* Begin PBXBuildFile section */
		6CD60D8A1EDD2FEC0006D6BA /* FeedViewDetailViewController.swift in Sources */ = {isa = PBXBuildFile; fileRef = 6CD60D891EDD2FEC0006D6BA /* FeedViewDetailViewController.swift */; };
		6CD60D8C1EDD64740006D6BA /* SaveFeedViewController.swift in Sources */ = {isa = PBXBuildFile; fileRef = 6CD60D8B1EDD64730006D6BA /* SaveFeedViewController.swift */; };
		6CE556181EDBC242009674D2 /* AppDelegate.swift in Sources */ = {isa = PBXBuildFile; fileRef = 6CE556171EDBC242009674D2 /* AppDelegate.swift */; };
		6CE5561A1EDBC242009674D2 /* ViewController.swift in Sources */ = {isa = PBXBuildFile; fileRef = 6CE556191EDBC242009674D2 /* ViewController.swift */; };
		6CE5561D1EDBC242009674D2 /* Main.storyboard in Resources */ = {isa = PBXBuildFile; fileRef = 6CE5561B1EDBC242009674D2 /* Main.storyboard */; };
		6CE556201EDBC242009674D2 /* MyFirstProject.xcdatamodeld in Sources */ = {isa = PBXBuildFile; fileRef = 6CE5561E1EDBC242009674D2 /* MyFirstProject.xcdatamodeld */; };
		6CE556221EDBC242009674D2 /* Assets.xcassets in Resources */ = {isa = PBXBuildFile; fileRef = 6CE556211EDBC242009674D2 /* Assets.xcassets */; };
		6CE556251EDBC242009674D2 /* LaunchScreen.storyboard in Resources */ = {isa = PBXBuildFile; fileRef = 6CE556231EDBC242009674D2 /* LaunchScreen.storyboard */; };
		6CE556311EDBC564009674D2 /* FeedTableViewCell.swift in Sources */ = {isa = PBXBuildFile; fileRef = 6CE5562F1EDBC564009674D2 /* FeedTableViewCell.swift */; };
		6CE556321EDBC564009674D2 /* FeedTableViewCell.xib in Resources */ = {isa = PBXBuildFile; fileRef = 6CE556301EDBC564009674D2 /* FeedTableViewCell.xib */; };
		6CE556371EDBD912009674D2 /* FeedViewController.swift in Sources */ = {isa = PBXBuildFile; fileRef = 6CE556361EDBD912009674D2 /* FeedViewController.swift */; };
		6CE556391EDBF4F8009674D2 /* News.swift in Sources */ = {isa = PBXBuildFile; fileRef = 6CE556381EDBF4F8009674D2 /* News.swift */; };
/* End PBXBuildFile section */

/* Begin PBXFileReference section */
		6CD60D891EDD2FEC0006D6BA /* FeedViewDetailViewController.swift */ = {isa = PBXFileReference; fileEncoding = 4; lastKnownFileType = sourcecode.swift; path = FeedViewDetailViewController.swift; sourceTree = "<group>"; };
		6CD60D8B1EDD64730006D6BA /* SaveFeedViewController.swift */ = {isa = PBXFileReference; fileEncoding = 4; lastKnownFileType = sourcecode.swift; path = SaveFeedViewController.swift; sourceTree = "<group>"; };
		6CE556141EDBC242009674D2 /* MyFirstProject.app */ = {isa = PBXFileReference; explicitFileType = wrapper.application; includeInIndex = 0; path = MyFirstProject.app; sourceTree = BUILT_PRODUCTS_DIR; };
		6CE556171EDBC242009674D2 /* AppDelegate.swift */ = {isa = PBXFileReference; lastKnownFileType = sourcecode.swift; path = AppDelegate.swift; sourceTree = "<group>"; };
		6CE556191EDBC242009674D2 /* ViewController.swift */ = {isa = PBXFileReference; lastKnownFileType = sourcecode.swift; path = ViewController.swift; sourceTree = "<group>"; };
		6CE5561C1EDBC242009674D2 /* Base */ = {isa = PBXFileReference; lastKnownFileType = file.storyboard; name = Base; path = Base.lproj/Main.storyboard; sourceTree = "<group>"; };
		6CE5561F1EDBC242009674D2 /* MyFirstProject.xcdatamodel */ = {isa = PBXFileReference; lastKnownFileType = wrapper.xcdatamodel; path = MyFirstProject.xcdatamodel; sourceTree = "<group>"; };
		6CE556211EDBC242009674D2 /* Assets.xcassets */ = {isa = PBXFileReference; lastKnownFileType = folder.assetcatalog; path = Assets.xcassets; sourceTree = "<group>"; };
		6CE556241EDBC242009674D2 /* Base */ = {isa = PBXFileReference; lastKnownFileType = file.storyboard; name = Base; path = Base.lproj/LaunchScreen.storyboard; sourceTree = "<group>"; };
		6CE556261EDBC242009674D2 /* Info.plist */ = {isa = PBXFileReference; lastKnownFileType = text.plist.xml; path = Info.plist; sourceTree = "<group>"; };
		6CE5562F1EDBC564009674D2 /* FeedTableViewCell.swift */ = {isa = PBXFileReference; fileEncoding = 4; lastKnownFileType = sourcecode.swift; path = FeedTableViewCell.swift; sourceTree = "<group>"; };
		6CE556301EDBC564009674D2 /* FeedTableViewCell.xib */ = {isa = PBXFileReference; fileEncoding = 4; lastKnownFileType = file.xib; path = FeedTableViewCell.xib; sourceTree = "<group>"; };
		6CE556361EDBD912009674D2 /* FeedViewController.swift */ = {isa = PBXFileReference; fileEncoding = 4; lastKnownFileType = sourcecode.swift; path = FeedViewController.swift; sourceTree = "<group>"; };
		6CE556381EDBF4F8009674D2 /* News.swift */ = {isa = PBXFileReference; fileEncoding = 4; lastKnownFileType = sourcecode.swift; path = News.swift; sourceTree = "<group>"; };
/* End PBXFileReference section */

/* Begin PBXFrameworksBuildPhase section */
		6CE556111EDBC242009674D2 /* Frameworks */ = {
			isa = PBXFrameworksBuildPhase;
			buildActionMask = 2147483647;
			files = (
			);
			runOnlyForDeploymentPostprocessing = 0;
		};
/* End PBXFrameworksBuildPhase section */

/* Begin PBXGroup section */
		6CE5560B1EDBC242009674D2 = {
			isa = PBXGroup;
			children = (
				6CE556161EDBC242009674D2 /* MyFirstProject */,
				6CE556151EDBC242009674D2 /* Products */,
			);
			sourceTree = "<group>";
		};
		6CE556151EDBC242009674D2 /* Products */ = {
			isa = PBXGroup;
			children = (
				6CE556141EDBC242009674D2 /* MyFirstProject.app */,
			);
			name = Products;
			sourceTree = "<group>";
		};
		6CE556161EDBC242009674D2 /* MyFirstProject */ = {
			isa = PBXGroup;
			children = (
				6CE556261EDBC242009674D2 /* Info.plist */,
				6CE5561E1EDBC242009674D2 /* MyFirstProject.xcdatamodeld */,
				6CE556211EDBC242009674D2 /* Assets.xcassets */,
				6CE556171EDBC242009674D2 /* AppDelegate.swift */,
				6CE5562E1EDBC2D1009674D2 /* Controller */,
				6CE5562C1EDBC2BA009674D2 /* Model */,
				6CE5562D1EDBC2CF009674D2 /* View */,
			);
			path = MyFirstProject;
			sourceTree = "<group>";
		};
		6CE5562C1EDBC2BA009674D2 /* Model */ = {
			isa = PBXGroup;
			children = (
				6CE556381EDBF4F8009674D2 /* News.swift */,
			);
			name = Model;
			sourceTree = "<group>";
		};
		6CE5562D1EDBC2CF009674D2 /* View */ = {
			isa = PBXGroup;
			children = (
				6CE5562F1EDBC564009674D2 /* FeedTableViewCell.swift */,
				6CE556231EDBC242009674D2 /* LaunchScreen.storyboard */,
				6CE5561B1EDBC242009674D2 /* Main.storyboard */,
				6CE556301EDBC564009674D2 /* FeedTableViewCell.xib */,
			);
			name = View;
			sourceTree = "<group>";
		};
		6CE5562E1EDBC2D1009674D2 /* Controller */ = {
			isa = PBXGroup;
			children = (
				6CE556191EDBC242009674D2 /* ViewController.swift */,
				6CE556361EDBD912009674D2 /* FeedViewController.swift */,
				6CD60D891EDD2FEC0006D6BA /* FeedViewDetailViewController.swift */,
				6CD60D8B1EDD64730006D6BA /* SaveFeedViewController.swift */,
			);
			name = Controller;
			sourceTree = "<group>";
		};
/* End PBXGroup section */

/* Begin PBXNativeTarget section */
		6CE556131EDBC242009674D2 /* MyFirstProject */ = {
			isa = PBXNativeTarget;
			buildConfigurationList = 6CE556291EDBC242009674D2 /* Build configuration list for PBXNativeTarget "MyFirstProject" */;
			buildPhases = (
				6CE556101EDBC242009674D2 /* Sources */,
				6CE556111EDBC242009674D2 /* Frameworks */,
				6CE556121EDBC242009674D2 /* Resources */,
			);
			buildRules = (
			);
			dependencies = (
			);
			name = MyFirstProject;
			productName = MyFirstProject;
			productReference = 6CE556141EDBC242009674D2 /* MyFirstProject.app */;
			productType = "com.apple.product-type.application";
		};
/* End PBXNativeTarget section */

/* Begin PBXProject section */
		6CE5560C1EDBC242009674D2 /* Project object */ = {
			isa = PBXProject;
			attributes = {
				LastSwiftUpdateCheck = 0820;
				LastUpgradeCheck = 0820;
				ORGANIZATIONNAME = std109;
				TargetAttributes = {
					6CE556131EDBC242009674D2 = {
						CreatedOnToolsVersion = 8.2.1;
						ProvisioningStyle = Automatic;
					};
				};
			};
			buildConfigurationList = 6CE5560F1EDBC242009674D2 /* Build configuration list for PBXProject "MyFirstProject" */;
			compatibilityVersion = "Xcode 3.2";
			developmentRegion = English;
			hasScannedForEncodings = 0;
			knownRegions = (
				en,
				Base,
			);
			mainGroup = 6CE5560B1EDBC242009674D2;
			productRefGroup = 6CE556151EDBC242009674D2 /* Products */;
			projectDirPath = "";
			projectRoot = "";
			targets = (
				6CE556131EDBC242009674D2 /* MyFirstProject */,
			);
		};
/* End PBXProject section */

/* Begin PBXResourcesBuildPhase section */
		6CE556121EDBC242009674D2 /* Resources */ = {
			isa = PBXResourcesBuildPhase;
			buildActionMask = 2147483647;
			files = (
				6CE556251EDBC242009674D2 /* LaunchScreen.storyboard in Resources */,
				6CE556321EDBC564009674D2 /* FeedTableViewCell.xib in Resources */,
				6CE556221EDBC242009674D2 /* Assets.xcassets in Resources */,
				6CE5561D1EDBC242009674D2 /* Main.storyboard in Resources */,
			);
			runOnlyForDeploymentPostprocessing = 0;
		};
/* End PBXResourcesBuildPhase section */

/* Begin PBXSourcesBuildPhase section */
		6CE556101EDBC242009674D2 /* Sources */ = {
			isa = PBXSourcesBuildPhase;
			buildActionMask = 2147483647;
			files = (
				6CE556391EDBF4F8009674D2 /* News.swift in Sources */,
				6CD60D8C1EDD64740006D6BA /* SaveFeedViewController.swift in Sources */,
				6CE5561A1EDBC242009674D2 /* ViewController.swift in Sources */,
				6CE556311EDBC564009674D2 /* FeedTableViewCell.swift in Sources */,
				6CD60D8A1EDD2FEC0006D6BA /* FeedViewDetailViewController.swift in Sources */,
				6CE556371EDBD912009674D2 /* FeedViewController.swift in Sources */,
				6CE556181EDBC242009674D2 /* AppDelegate.swift in Sources */,
				6CE556201EDBC242009674D2 /* MyFirstProject.xcdatamodeld in Sources */,
			);
			runOnlyForDeploymentPostprocessing = 0;
		};
/* End PBXSourcesBuildPhase section */

/* Begin PBXVariantGroup section */
		6CE5561B1EDBC242009674D2 /* Main.storyboard */ = {
			isa = PBXVariantGroup;
			children = (
				6CE5561C1EDBC242009674D2 /* Base */,
			);
			name = Main.storyboard;
			sourceTree = "<group>";
		};
		6CE556231EDBC242009674D2 /* LaunchScreen.storyboard */ = {
			isa = PBXVariantGroup;
			children = (
				6CE556241EDBC242009674D2 /* Base */,
			);
			name = LaunchScreen.storyboard;
			sourceTree = "<group>";
		};
/* End PBXVariantGroup section */

/* Begin XCBuildConfiguration section */
		6CE556271EDBC242009674D2 /* Debug */ = {
			isa = XCBuildConfiguration;
			buildSettings = {
				ALWAYS_SEARCH_USER_PATHS = NO;
				CLANG_ANALYZER_NONNULL = YES;
				CLANG_CXX_LANGUAGE_STANDARD = "gnu++0x";
				CLANG_CXX_LIBRARY = "libc++";
				CLANG_ENABLE_MODULES = YES;
				CLANG_ENABLE_OBJC_ARC = YES;
				CLANG_WARN_BOOL_CONVERSION = YES;
				CLANG_WARN_CONSTANT_CONVERSION = YES;
				CLANG_WARN_DIRECT_OBJC_ISA_USAGE = YES_ERROR;
				CLANG_WARN_DOCUMENTATION_COMMENTS = YES;
				CLANG_WARN_EMPTY_BODY = YES;
				CLANG_WARN_ENUM_CONVERSION = YES;
				CLANG_WARN_INFINITE_RECURSION = YES;
				CLANG_WARN_INT_CONVERSION = YES;
				CLANG_WARN_OBJC_ROOT_CLASS = YES_ERROR;
				CLANG_WARN_SUSPICIOUS_MOVE = YES;
				CLANG_WARN_UNREACHABLE_CODE = YES;
				CLANG_WARN__DUPLICATE_METHOD_MATCH = YES;
				"CODE_SIGN_IDENTITY[sdk=iphoneos*]" = "iPhone Developer";
				COPY_PHASE_STRIP = NO;
				DEBUG_INFORMATION_FORMAT = dwarf;
				ENABLE_STRICT_OBJC_MSGSEND = YES;
				ENABLE_TESTABILITY = YES;
				GCC_C_LANGUAGE_STANDARD = gnu99;
				GCC_DYNAMIC_NO_PIC = NO;
				GCC_NO_COMMON_BLOCKS = YES;
				GCC_OPTIMIZATION_LEVEL = 0;
				GCC_PREPROCESSOR_DEFINITIONS = (
					"DEBUG=1",
					"$(inherited)",
				);
				GCC_WARN_64_TO_32_BIT_CONVERSION = YES;
				GCC_WARN_ABOUT_RETURN_TYPE = YES_ERROR;
				GCC_WARN_UNDECLARED_SELECTOR = YES;
				GCC_WARN_UNINITIALIZED_AUTOS = YES_AGGRESSIVE;
				GCC_WARN_UNUSED_FUNCTION = YES;
				GCC_WARN_UNUSED_VARIABLE = YES;
				IPHONEOS_DEPLOYMENT_TARGET = 10.2;
				MTL_ENABLE_DEBUG_INFO = YES;
				ONLY_ACTIVE_ARCH = YES;
				SDKROOT = iphoneos;
				SWIFT_ACTIVE_COMPILATION_CONDITIONS = DEBUG;
				SWIFT_OPTIMIZATION_LEVEL = "-Onone";
			};
			name = Debug;
		};
		6CE556281EDBC242009674D2 /* Release */ = {
			isa = XCBuildConfiguration;
			buildSettings = {
				ALWAYS_SEARCH_USER_PATHS = NO;
				CLANG_ANALYZER_NONNULL = YES;
				CLANG_CXX_LANGUAGE_STANDARD = "gnu++0x";
				CLANG_CXX_LIBRARY = "libc++";
				CLANG_ENABLE_MODULES = YES;
				CLANG_ENABLE_OBJC_ARC = YES;
				CLANG_WARN_BOOL_CONVERSION = YES;
				CLANG_WARN_CONSTANT_CONVERSION = YES;
				CLANG_WARN_DIRECT_OBJC_ISA_USAGE = YES_ERROR;
				CLANG_WARN_DOCUMENTATION_COMMENTS = YES;
				CLANG_WARN_EMPTY_BODY = YES;
				CLANG_WARN_ENUM_CONVERSION = YES;
				CLANG_WARN_INFINITE_RECURSION = YES;
				CLANG_WARN_INT_CONVERSION = YES;
				CLANG_WARN_OBJC_ROOT_CLASS = YES_ERROR;
				CLANG_WARN_SUSPICIOUS_MOVE = YES;
				CLANG_WARN_UNREACHABLE_CODE = YES;
				CLANG_WARN__DUPLICATE_METHOD_MATCH = YES;
				"CODE_SIGN_IDENTITY[sdk=iphoneos*]" = "iPhone Developer";
				COPY_PHASE_STRIP = NO;
				DEBUG_INFORMATION_FORMAT = "dwarf-with-dsym";
				ENABLE_NS_ASSERTIONS = NO;
				ENABLE_STRICT_OBJC_MSGSEND = YES;
				GCC_C_LANGUAGE_STANDARD = gnu99;
				GCC_NO_COMMON_BLOCKS = YES;
				GCC_WARN_64_TO_32_BIT_CONVERSION = YES;
				GCC_WARN_ABOUT_RETURN_TYPE = YES_ERROR;
				GCC_WARN_UNDECLARED_SELECTOR = YES;
				GCC_WARN_UNINITIALIZED_AUTOS = YES_AGGRESSIVE;
				GCC_WARN_UNUSED_FUNCTION = YES;
				GCC_WARN_UNUSED_VARIABLE = YES;
				IPHONEOS_DEPLOYMENT_TARGET = 10.2;
				MTL_ENABLE_DEBUG_INFO = NO;
				SDKROOT = iphoneos;
				SWIFT_OPTIMIZATION_LEVEL = "-Owholemodule";
				VALIDATE_PRODUCT = YES;
			};
			name = Release;
		};
		6CE5562A1EDBC242009674D2 /* Debug */ = {
			isa = XCBuildConfiguration;
			buildSettings = {
				ASSETCATALOG_COMPILER_APPICON_NAME = AppIcon;
				INFOPLIST_FILE = MyFirstProject/Info.plist;
				LD_RUNPATH_SEARCH_PATHS = "$(inherited) @executable_path/Frameworks";
				PRODUCT_BUNDLE_IDENTIFIER = med.oph.MyFirstProject;
				PRODUCT_NAME = "$(TARGET_NAME)";
				SWIFT_VERSION = 3.0;
			};
			name = Debug;
		};
		6CE5562B1EDBC242009674D2 /* Release */ = {
			isa = XCBuildConfiguration;
			buildSettings = {
				ASSETCATALOG_COMPILER_APPICON_NAME = AppIcon;
				INFOPLIST_FILE = MyFirstProject/Info.plist;
				LD_RUNPATH_SEARCH_PATHS = "$(inherited) @executable_path/Frameworks";
				PRODUCT_BUNDLE_IDENTIFIER = med.oph.MyFirstProject;
				PRODUCT_NAME = "$(TARGET_NAME)";
				SWIFT_VERSION = 3.0;
			};
			name = Release;
		};
/* End XCBuildConfiguration section */

/* Begin XCConfigurationList section */
		6CE5560F1EDBC242009674D2 /* Build configuration list for PBXProject "MyFirstProject" */ = {
			isa = XCConfigurationList;
			buildConfigurations = (
				6CE556271EDBC242009674D2 /* Debug */,
				6CE556281EDBC242009674D2 /* Release */,
			);
			defaultConfigurationIsVisible = 0;
			defaultConfigurationName = Release;
		};
		6CE556291EDBC242009674D2 /* Build configuration list for PBXNativeTarget "MyFirstProject" */ = {
			isa = XCConfigurationList;
			buildConfigurations = (
				6CE5562A1EDBC242009674D2 /* Debug */,
				6CE5562B1EDBC242009674D2 /* Release */,
			);
			defaultConfigurationIsVisible = 0;
			defaultConfigurationName = Release;
		};
/* End XCConfigurationList section */

/* Begin XCVersionGroup section */
		6CE5561E1EDBC242009674D2 /* MyFirstProject.xcdatamodeld */ = {
			isa = XCVersionGroup;
			children = (
				6CE5561F1EDBC242009674D2 /* MyFirstProject.xcdatamodel */,
			);
			currentVersion = 6CE5561F1EDBC242009674D2 /* MyFirstProject.xcdatamodel */;
			path = MyFirstProject.xcdatamodeld;
			sourceTree = "<group>";
			versionGroupType = wrapper.xcdatamodel;
		};
/* End XCVersionGroup section */
	};
	rootObject = 6CE5560C1EDBC242009674D2 /* Project object */;
}
